// !$*UTF8*$!
{
	archiveVersion = 1;
	classes = {
	};
	objectVersion = 46;
	objects = {

/* Begin PBXBuildFile section */
		DC9E13A71E61385100AB0D1F /* AppDelegate.swift in Sources */ = {isa = PBXBuildFile; fileRef = DC9E13A61E61385100AB0D1F /* AppDelegate.swift */; };
		DC9E13A91E61385100AB0D1F /* ViewController.swift in Sources */ = {isa = PBXBuildFile; fileRef = DC9E13A81E61385100AB0D1F /* ViewController.swift */; };
		DC9E13AC1E61385100AB0D1F /* Main.storyboard in Resources */ = {isa = PBXBuildFile; fileRef = DC9E13AA1E61385100AB0D1F /* Main.storyboard */; };
		DC9E13AE1E61385100AB0D1F /* Assets.xcassets in Resources */ = {isa = PBXBuildFile; fileRef = DC9E13AD1E61385100AB0D1F /* Assets.xcassets */; };
		DC9E13B11E61385100AB0D1F /* LaunchScreen.storyboard in Resources */ = {isa = PBXBuildFile; fileRef = DC9E13AF1E61385100AB0D1F /* LaunchScreen.storyboard */; };
/* End PBXBuildFile section */

/* Begin PBXFileReference section */
		DC9E13A31E61385100AB0D1F /* SO-3073520.app */ = {isa = PBXFileReference; explicitFileType = wrapper.application; includeInIndex = 0; path = "SO-3073520.app"; sourceTree = BUILT_PRODUCTS_DIR; };
		DC9E13A61E61385100AB0D1F /* AppDelegate.swift */ = {isa = PBXFileReference; lastKnownFileType = sourcecode.swift; path = AppDelegate.swift; sourceTree = "<group>"; };
		DC9E13A81E61385100AB0D1F /* ViewController.swift */ = {isa = PBXFileReference; lastKnownFileType = sourcecode.swift; path = ViewController.swift; sourceTree = "<group>"; };
		DC9E13AB1E61385100AB0D1F /* Base */ = {isa = PBXFileReference; lastKnownFileType = file.storyboard; name = Base; path = Base.lproj/Main.storyboard; sourceTree = "<group>"; };
		DC9E13AD1E61385100AB0D1F /* Assets.xcassets */ = {isa = PBXFileReference; lastKnownFileType = folder.assetcatalog; path = Assets.xcassets; sourceTree = "<group>"; };
		DC9E13B01E61385100AB0D1F /* Base */ = {isa = PBXFileReference; lastKnownFileType = file.storyboard; name = Base; path = Base.lproj/LaunchScreen.storyboard; sourceTree = "<group>"; };
		DC9E13B21E61385100AB0D1F /* Info.plist */ = {isa = PBXFileReference; lastKnownFileType = text.plist.xml; path = Info.plist; sourceTree = "<group>"; };
/* End PBXFileReference section */

/* Begin PBXFrameworksBuildPhase section */
		DC9E13A01E61385100AB0D1F /* Frameworks */ = {
			isa = PBXFrameworksBuildPhase;
			buildActionMask = 2147483647;
			files = (
			);
			runOnlyForDeploymentPostprocessing = 0;
		};
/* End PBXFrameworksBuildPhase section */

/* Begin PBXGroup section */
		DC9E139A1E61385100AB0D1F = {
			isa = PBXGroup;
			children = (
				DC9E13A51E61385100AB0D1F /* SO-3073520 */,
				DC9E13A41E61385100AB0D1F /* Products */,
			);
			sourceTree = "<group>";
		};
		DC9E13A41E61385100AB0D1F /* Products */ = {
			isa = PBXGroup;
			children = (
				DC9E13A31E61385100AB0D1F /* SO-3073520.app */,
			);
			name = Products;
			sourceTree = "<group>";
		};
		DC9E13A51E61385100AB0D1F /* SO-3073520 */ = {
			isa = PBXGroup;
			children = (
				DC9E13A61E61385100AB0D1F /* AppDelegate.swift */,
				DC9E13A81E61385100AB0D1F /* ViewController.swift */,
				DC9E13AA1E61385100AB0D1F /* Main.storyboard */,
				DC9E13AD1E61385100AB0D1F /* Assets.xcassets */,
				DC9E13AF1E61385100AB0D1F /* LaunchScreen.storyboard */,
				DC9E13B21E61385100AB0D1F /* Info.plist */,
			);
			path = "SO-3073520";
			sourceTree = "<group>";
		};
/* End PBXGroup section */

/* Begin PBXNativeTarget section */
		DC9E13A21E61385100AB0D1F /* SO-3073520 */ = {
			isa = PBXNativeTarget;
			buildConfigurationList = DC9E13B51E61385100AB0D1F /* Build configuration list for PBXNativeTarget "SO-3073520" */;
			buildPhases = (
				DC9E139F1E61385100AB0D1F /* Sources */,
				DC9E13A01E61385100AB0D1F /* Frameworks */,
				DC9E13A11E61385100AB0D1F /* Resources */,
			);
			buildRules = (
			);
			dependencies = (
			);
			name = "SO-3073520";
			productName = "SO-3073520";
			productReference = DC9E13A31E61385100AB0D1F /* SO-3073520.app */;
			productType = "com.apple.product-type.application";
		};
/* End PBXNativeTarget section */

/* Begin PBXProject section */
		DC9E139B1E61385100AB0D1F /* Project object */ = {
			isa = PBXProject;
			attributes = {
				LastSwiftUpdateCheck = 0820;
				LastUpgradeCheck = 0820;
				ORGANIZATIONNAME = SwiftArchitect;
				TargetAttributes = {
					DC9E13A21E61385100AB0D1F = {
						CreatedOnToolsVersion = 8.2.1;
						LastSwiftMigration = 0820;
						ProvisioningStyle = Automatic;
					};
				};
			};
			buildConfigurationList = DC9E139E1E61385100AB0D1F /* Build configuration list for PBXProject "SO-3073520" */;
			compatibilityVersion = "Xcode 3.2";
			developmentRegion = English;
			hasScannedForEncodings = 0;
			knownRegions = (
				en,
				Base,
			);
			mainGroup = DC9E139A1E61385100AB0D1F;
			productRefGroup = DC9E13A41E61385100AB0D1F /* Products */;
			projectDirPath = "";
			projectRoot = "";
			targets = (
				DC9E13A21E61385100AB0D1F /* SO-3073520 */,
			);
		};
/* End PBXProject section */

/* Begin PBXResourcesBuildPhase section */
		DC9E13A11E61385100AB0D1F /* Resources */ = {
			isa = PBXResourcesBuildPhase;
			buildActionMask = 2147483647;
			files = (
				DC9E13B11E61385100AB0D1F /* LaunchScreen.storyboard in Resources */,
				DC9E13AE1E61385100AB0D1F /* Assets.xcassets in Resources */,
				DC9E13AC1E61385100AB0D1F /* Main.storyboard in Resources */,
			);
			runOnlyForDeploymentPostprocessing = 0;
		};
/* End PBXResourcesBuildPhase section */

/* Begin PBXSourcesBuildPhase section */
		DC9E139F1E61385100AB0D1F /* Sources */ = {
			isa = PBXSourcesBuildPhase;
			buildActionMask = 2147483647;
			files = (
				DC9E13A91E61385100AB0D1F /* ViewController.swift in Sources */,
				DC9E13A71E61385100AB0D1F /* AppDelegate.swift in Sources */,
			);
			runOnlyForDeploymentPostprocessing = 0;
		};
/* End PBXSourcesBuildPhase section */

/* Begin PBXVariantGroup section */
		DC9E13AA1E61385100AB0D1F /* Main.storyboard */ = {
			isa = PBXVariantGroup;
			children = (
				DC9E13AB1E61385100AB0D1F /* Base */,
			);
			name = Main.storyboard;
			sourceTree = "<group>";
		};
		DC9E13AF1E61385100AB0D1F /* LaunchScreen.storyboard */ = {
			isa = PBXVariantGroup;
			children = (
				DC9E13B01E61385100AB0D1F /* Base */,
			);
			name = LaunchScreen.storyboard;
			sourceTree = "<group>";
		};
/* End PBXVariantGroup section */

/* Begin XCBuildConfiguration section */
		DC9E13B31E61385100AB0D1F /* Debug */ = {
			isa = XCBuildConfiguration;
			buildSettings = {
				ALWAYS_SEARCH_USER_PATHS = NO;
				CLANG_ANALYZER_NONNULL = YES;
				CLANG_CXX_LANGUAGE_STANDARD = "gnu++0x";
				CLANG_CXX_LIBRARY = "libc++";
				CLANG_ENABLE_MODULES = YES;
				CLANG_ENABLE_OBJC_ARC = YES;
				CLANG_WARN_BOOL_CONVERSION = YES;
				CLANG_WARN_CONSTANT_CONVERSION = YES;
				CLANG_WARN_DIRECT_OBJC_ISA_USAGE = YES_ERROR;
				CLANG_WARN_DOCUMENTATION_COMMENTS = YES;
				CLANG_WARN_EMPTY_BODY = YES;
				CLANG_WARN_ENUM_CONVERSION = YES;
				CLANG_WARN_INFINITE_RECURSION = YES;
				CLANG_WARN_INT_CONVERSION = YES;
				CLANG_WARN_OBJC_ROOT_CLASS = YES_ERROR;
				CLANG_WARN_SUSPICIOUS_MOVE = YES;
				CLANG_WARN_UNREACHABLE_CODE = YES;
				CLANG_WARN__DUPLICATE_METHOD_MATCH = YES;
				"CODE_SIGN_IDENTITY[sdk=iphoneos*]" = "iPhone Developer";
				COPY_PHASE_STRIP = NO;
				DEBUG_INFORMATION_FORMAT = dwarf;
				ENABLE_STRICT_OBJC_MSGSEND = YES;
				ENABLE_TESTABILITY = YES;
				GCC_C_LANGUAGE_STANDARD = gnu99;
				GCC_DYNAMIC_NO_PIC = NO;
				GCC_NO_COMMON_BLOCKS = YES;
				GCC_OPTIMIZATION_LEVEL = 0;
				GCC_PREPROCESSOR_DEFINITIONS = (
					"DEBUG=1",
					"$(inherited)",
				);
				GCC_WARN_64_TO_32_BIT_CONVERSION = YES;
				GCC_WARN_ABOUT_RETURN_TYPE = YES_ERROR;
				GCC_WARN_UNDECLARED_SELECTOR = YES;
				GCC_WARN_UNINITIALIZED_AUTOS = YES_AGGRESSIVE;
				GCC_WARN_UNUSED_FUNCTION = YES;
				GCC_WARN_UNUSED_VARIABLE = YES;
				IPHONEOS_DEPLOYMENT_TARGET = 8.0;
				MTL_ENABLE_DEBUG_INFO = YES;
				ONLY_ACTIVE_ARCH = YES;
				SDKROOT = iphoneos;
				SWIFT_ACTIVE_COMPILATION_CONDITIONS = DEBUG;
				SWIFT_OPTIMIZATION_LEVEL = "-Onone";
				TARGETED_DEVICE_FAMILY = "1,2";
			};
			name = Debug;
		};
		DC9E13B41E61385100AB0D1F /* Release */ = {
			isa = XCBuildConfiguration;
			buildSettings = {
				ALWAYS_SEARCH_USER_PATHS = NO;
				CLANG_ANALYZER_NONNULL = YES;
				CLANG_CXX_LANGUAGE_STANDARD = "gnu++0x";
				CLANG_CXX_LIBRARY = "libc++";
				CLANG_ENABLE_MODULES = YES;
				CLANG_ENABLE_OBJC_ARC = YES;
				CLANG_WARN_BOOL_CONVERSION = YES;
				CLANG_WARN_CONSTANT_CONVERSION = YES;
				CLANG_WARN_DIRECT_OBJC_ISA_USAGE = YES_ERROR;
				CLANG_WARN_DOCUMENTATION_COMMENTS = YES;
				CLANG_WARN_EMPTY_BODY = YES;
				CLANG_WARN_ENUM_CONVERSION = YES;
				CLANG_WARN_INFINITE_RECURSION = YES;
				CLANG_WARN_INT_CONVERSION = YES;
				CLANG_WARN_OBJC_ROOT_CLASS = YES_ERROR;
				CLANG_WARN_SUSPICIOUS_MOVE = YES;
				CLANG_WARN_UNREACHABLE_CODE = YES;
				CLANG_WARN__DUPLICATE_METHOD_MATCH = YES;
				"CODE_SIGN_IDENTITY[sdk=iphoneos*]" = "iPhone Developer";
				COPY_PHASE_STRIP = NO;
				DEBUG_INFORMATION_FORMAT = "dwarf-with-dsym";
				ENABLE_NS_ASSERTIONS = NO;
				ENABLE_STRICT_OBJC_MSGSEND = YES;
				GCC_C_LANGUAGE_STANDARD = gnu99;
				GCC_NO_COMMON_BLOCKS = YES;
				GCC_WARN_64_TO_32_BIT_CONVERSION = YES;
				GCC_WARN_ABOUT_RETURN_TYPE = YES_ERROR;
				GCC_WARN_UNDECLARED_SELECTOR = YES;
				GCC_WARN_UNINITIALIZED_AUTOS = YES_AGGRESSIVE;
				GCC_WARN_UNUSED_FUNCTION = YES;
				GCC_WARN_UNUSED_VARIABLE = YES;
				IPHONEOS_DEPLOYMENT_TARGET = 8.0;
				MTL_ENABLE_DEBUG_INFO = NO;
				SDKROOT = iphoneos;
				SWIFT_OPTIMIZATION_LEVEL = "-Owholemodule";
				TARGETED_DEVICE_FAMILY = "1,2";
				VALIDATE_PRODUCT = YES;
			};
			name = Release;
		};
		DC9E13B61E61385100AB0D1F /* Debug */ = {
			isa = XCBuildConfiguration;
			buildSettings = {
				ASSETCATALOG_COMPILER_APPICON_NAME = AppIcon;
				DEVELOPMENT_TEAM = "";
				INFOPLIST_FILE = "SO-3073520/Info.plist";
				LD_RUNPATH_SEARCH_PATHS = "$(inherited) @executable_path/Frameworks";
				PRODUCT_BUNDLE_IDENTIFIER = "com.swiftarchitect.SO-3073520";
				PRODUCT_NAME = "$(TARGET_NAME)";
				SWIFT_VERSION = 3.0;
			};
			name = Debug;
		};
		DC9E13B71E61385100AB0D1F /* Release */ = {
			isa = XCBuildConfiguration;
			buildSettings = {
				ASSETCATALOG_COMPILER_APPICON_NAME = AppIcon;
				DEVELOPMENT_TEAM = "";
				INFOPLIST_FILE = "SO-3073520/Info.plist";
				LD_RUNPATH_SEARCH_PATHS = "$(inherited) @executable_path/Frameworks";
				PRODUCT_BUNDLE_IDENTIFIER = "com.swiftarchitect.SO-3073520";
				PRODUCT_NAME = "$(TARGET_NAME)";
				SWIFT_VERSION = 3.0;
			};
			name = Release;
		};
/* End XCBuildConfiguration section */

/* Begin XCConfigurationList section */
		DC9E139E1E61385100AB0D1F /* Build configuration list for PBXProject "SO-3073520" */ = {
			isa = XCConfigurationList;
			buildConfigurations = (
				DC9E13B31E61385100AB0D1F /* Debug */,
				DC9E13B41E61385100AB0D1F /* Release */,
			);
			defaultConfigurationIsVisible = 0;
			defaultConfigurationName = Release;
		};
		DC9E13B51E61385100AB0D1F /* Build configuration list for PBXNativeTarget "SO-3073520" */ = {
			isa = XCConfigurationList;
			buildConfigurations = (
				DC9E13B61E61385100AB0D1F /* Debug */,
				DC9E13B71E61385100AB0D1F /* Release */,
			);
			defaultConfigurationIsVisible = 0;
			defaultConfigurationName = Release;
		};
/* End XCConfigurationList section */
	};
	rootObject = DC9E139B1E61385100AB0D1F /* Project object */;
}
